
Microsoft Visual Studio Solution File, Format Version 12.00
# Visual Studio Version 16
VisualStudioVersion = 16.0.29509.3
MinimumVisualStudioVersion = 10.0.40219.1
Project("{9A19103F-16F7-4668-BE54-9A1E7A4F7556}") = "bryans-distance-test-api", "bryans-distance-test-api\bryans-distance-test-api.csproj", "{CE2C0DC6-988E-42C6-B2F4-EFF150BE7176}"
EndProject
Project("{00D1A9C2-B5F0-4AF3-8072-F6C62B433612}") = "bryans-distance-test-db", "bryans-distance-test-db\bryans-distance-test-db.sqlproj", "{28015201-A688-433C-8D45-550CDB352320}"
EndProject
Global
	GlobalSection(SolutionConfigurationPlatforms) = preSolution
		Debug|Any CPU = Debug|Any CPU
		Release|Any CPU = Release|Any CPU
	EndGlobalSection
	GlobalSection(ProjectConfigurationPlatforms) = postSolution
		{CE2C0DC6-988E-42C6-B2F4-EFF150BE7176}.Debug|Any CPU.ActiveCfg = Debug|Any CPU
		{CE2C0DC6-988E-42C6-B2F4-EFF150BE7176}.Debug|Any CPU.Build.0 = Debug|Any CPU
		{CE2C0DC6-988E-42C6-B2F4-EFF150BE7176}.Release|Any CPU.ActiveCfg = Release|Any CPU
		{CE2C0DC6-988E-42C6-B2F4-EFF150BE7176}.Release|Any CPU.Build.0 = Release|Any CPU
		{28015201-A688-433C-8D45-550CDB352320}.Debug|Any CPU.ActiveCfg = Debug|Any CPU
		{28015201-A688-433C-8D45-550CDB352320}.Debug|Any CPU.Build.0 = Debug|Any CPU
		{28015201-A688-433C-8D45-550CDB352320}.Debug|Any CPU.Deploy.0 = Debug|Any CPU
		{28015201-A688-433C-8D45-550CDB352320}.Release|Any CPU.ActiveCfg = Release|Any CPU
		{28015201-A688-433C-8D45-550CDB352320}.Release|Any CPU.Build.0 = Release|Any CPU
		{28015201-A688-433C-8D45-550CDB352320}.Release|Any CPU.Deploy.0 = Release|Any CPU
	EndGlobalSection
	GlobalSection(SolutionProperties) = preSolution
		HideSolutionNode = FALSE
	EndGlobalSection
	GlobalSection(ExtensibilityGlobals) = postSolution
		SolutionGuid = {F0E7179D-9D0E-4153-97DE-DF33D99DDF8E}
	EndGlobalSection
EndGlobal
